// !$*UTF8*$!
{
	archiveVersion = 1;
	classes = {
	};
	objectVersion = 56;
	objects = {

/* Begin PBXBuildFile section */
		243674C02BD9426A00640E5E /* ECMOApp.swift in Sources */ = {isa = PBXBuildFile; fileRef = 243674BF2BD9426A00640E5E /* ECMOApp.swift */; };
		243674C22BD9426A00640E5E /* ContentView.swift in Sources */ = {isa = PBXBuildFile; fileRef = 243674C12BD9426A00640E5E /* ContentView.swift */; };
		243674C42BD9426A00640E5E /* SaveScoreSD.swift in Sources */ = {isa = PBXBuildFile; fileRef = 243674C32BD9426A00640E5E /* SaveScoreSD.swift */; };
		243674C62BD9426D00640E5E /* Assets.xcassets in Resources */ = {isa = PBXBuildFile; fileRef = 243674C52BD9426D00640E5E /* Assets.xcassets */; };
		243674C92BD9426D00640E5E /* Preview Assets.xcassets in Resources */ = {isa = PBXBuildFile; fileRef = 243674C82BD9426D00640E5E /* Preview Assets.xcassets */; };
		243674D02BD9B44400640E5E /* CalculatorView.swift in Sources */ = {isa = PBXBuildFile; fileRef = 243674CF2BD9B44400640E5E /* CalculatorView.swift */; };
		243674D22BDA9D9600640E5E /* SelectionRow.swift in Sources */ = {isa = PBXBuildFile; fileRef = 243674D12BDA9D9600640E5E /* SelectionRow.swift */; };
		243674D42BDAA53000640E5E /* ParametersSD.swift in Sources */ = {isa = PBXBuildFile; fileRef = 243674D32BDAA53000640E5E /* ParametersSD.swift */; };
		243674D62BE491C800640E5E /* RespScoreSD.swift in Sources */ = {isa = PBXBuildFile; fileRef = 243674D52BE491C800640E5E /* RespScoreSD.swift */; };
		243674D82BE517DF00640E5E /* RespCalcView.swift in Sources */ = {isa = PBXBuildFile; fileRef = 243674D72BE517DF00640E5E /* RespCalcView.swift */; };
		243674DC2BE5489F00640E5E /* Protocols.swift in Sources */ = {isa = PBXBuildFile; fileRef = 243674DB2BE5489F00640E5E /* Protocols.swift */; };
		243674DE2BE54EBA00640E5E /* ScoreStruct.swift in Sources */ = {isa = PBXBuildFile; fileRef = 243674DD2BE54EBA00640E5E /* ScoreStruct.swift */; };
		243674E32BE6782C00640E5E /* .swiftlint.yml in Resources */ = {isa = PBXBuildFile; fileRef = 243674E22BE6782C00640E5E /* .swiftlint.yml */; };
		243674EB2BE8144B00640E5E /* SaveInfoView.swift in Sources */ = {isa = PBXBuildFile; fileRef = 243674EA2BE8144B00640E5E /* SaveInfoView.swift */; };
		243674ED2BE8145E00640E5E /* SaveTabView.swift in Sources */ = {isa = PBXBuildFile; fileRef = 243674EC2BE8145E00640E5E /* SaveTabView.swift */; };
		243674EF2BE88AF700640E5E /* RespTabView.swift in Sources */ = {isa = PBXBuildFile; fileRef = 243674EE2BE88AF700640E5E /* RespTabView.swift */; };
		243674F12BE88B1300640E5E /* RespInfoView.swift in Sources */ = {isa = PBXBuildFile; fileRef = 243674F02BE88B1300640E5E /* RespInfoView.swift */; };
		243674F82BF38F0500640E5E /* EncourageSD.swift in Sources */ = {isa = PBXBuildFile; fileRef = 243674F72BF38F0500640E5E /* EncourageSD.swift */; };
		243674FA2BF3970100640E5E /* EncourageCalcView.swift in Sources */ = {isa = PBXBuildFile; fileRef = 243674F92BF3970100640E5E /* EncourageCalcView.swift */; };
		243674FC2BF398C000640E5E /* EncourageTabView.swift in Sources */ = {isa = PBXBuildFile; fileRef = 243674FB2BF398C000640E5E /* EncourageTabView.swift */; };
		243674FE2BF3D81200640E5E /* EncourageInfoView.swift in Sources */ = {isa = PBXBuildFile; fileRef = 243674FD2BF3D81200640E5E /* EncourageInfoView.swift */; };
		243675002BF51CA900640E5E /* CandidateSD.swift in Sources */ = {isa = PBXBuildFile; fileRef = 243674FF2BF51CA900640E5E /* CandidateSD.swift */; };
		243675022BF54D0700640E5E /* MainLineView.swift in Sources */ = {isa = PBXBuildFile; fileRef = 243675012BF54D0700640E5E /* MainLineView.swift */; };
		279A7D072BEF245B00CB7BE6 /* DeviceRotation.swift in Sources */ = {isa = PBXBuildFile; fileRef = 279A7D062BEF245B00CB7BE6 /* DeviceRotation.swift */; };
/* End PBXBuildFile section */

/* Begin PBXFileReference section */
		243674BC2BD9426A00640E5E /* ECMO.app */ = {isa = PBXFileReference; explicitFileType = wrapper.application; includeInIndex = 0; path = ECMO.app; sourceTree = BUILT_PRODUCTS_DIR; };
		243674BF2BD9426A00640E5E /* ECMOApp.swift */ = {isa = PBXFileReference; lastKnownFileType = sourcecode.swift; path = ECMOApp.swift; sourceTree = "<group>"; };
		243674C12BD9426A00640E5E /* ContentView.swift */ = {isa = PBXFileReference; lastKnownFileType = sourcecode.swift; path = ContentView.swift; sourceTree = "<group>"; };
		243674C32BD9426A00640E5E /* SaveScoreSD.swift */ = {isa = PBXFileReference; lastKnownFileType = sourcecode.swift; path = SaveScoreSD.swift; sourceTree = "<group>"; };
		243674C52BD9426D00640E5E /* Assets.xcassets */ = {isa = PBXFileReference; lastKnownFileType = folder.assetcatalog; path = Assets.xcassets; sourceTree = "<group>"; };
		243674C82BD9426D00640E5E /* Preview Assets.xcassets */ = {isa = PBXFileReference; lastKnownFileType = folder.assetcatalog; path = "Preview Assets.xcassets"; sourceTree = "<group>"; };
		243674CF2BD9B44400640E5E /* CalculatorView.swift */ = {isa = PBXFileReference; lastKnownFileType = sourcecode.swift; path = CalculatorView.swift; sourceTree = "<group>"; };
		243674D12BDA9D9600640E5E /* SelectionRow.swift */ = {isa = PBXFileReference; lastKnownFileType = sourcecode.swift; path = SelectionRow.swift; sourceTree = "<group>"; };
		243674D32BDAA53000640E5E /* ParametersSD.swift */ = {isa = PBXFileReference; lastKnownFileType = sourcecode.swift; path = ParametersSD.swift; sourceTree = "<group>"; };
		243674D52BE491C800640E5E /* RespScoreSD.swift */ = {isa = PBXFileReference; lastKnownFileType = sourcecode.swift; path = RespScoreSD.swift; sourceTree = "<group>"; };
		243674D72BE517DF00640E5E /* RespCalcView.swift */ = {isa = PBXFileReference; lastKnownFileType = sourcecode.swift; path = RespCalcView.swift; sourceTree = "<group>"; };
		243674DB2BE5489F00640E5E /* Protocols.swift */ = {isa = PBXFileReference; lastKnownFileType = sourcecode.swift; path = Protocols.swift; sourceTree = "<group>"; };
		243674DD2BE54EBA00640E5E /* ScoreStruct.swift */ = {isa = PBXFileReference; lastKnownFileType = sourcecode.swift; path = ScoreStruct.swift; sourceTree = "<group>"; };
		243674E22BE6782C00640E5E /* .swiftlint.yml */ = {isa = PBXFileReference; lastKnownFileType = text.yaml; path = .swiftlint.yml; sourceTree = "<group>"; };
		243674EA2BE8144B00640E5E /* SaveInfoView.swift */ = {isa = PBXFileReference; fileEncoding = 4; lastKnownFileType = sourcecode.swift; path = SaveInfoView.swift; sourceTree = "<group>"; };
		243674EC2BE8145E00640E5E /* SaveTabView.swift */ = {isa = PBXFileReference; fileEncoding = 4; lastKnownFileType = sourcecode.swift; path = SaveTabView.swift; sourceTree = "<group>"; };
		243674EE2BE88AF700640E5E /* RespTabView.swift */ = {isa = PBXFileReference; lastKnownFileType = sourcecode.swift; path = RespTabView.swift; sourceTree = "<group>"; };
		243674F02BE88B1300640E5E /* RespInfoView.swift */ = {isa = PBXFileReference; lastKnownFileType = sourcecode.swift; path = RespInfoView.swift; sourceTree = "<group>"; };
		243674F72BF38F0500640E5E /* EncourageSD.swift */ = {isa = PBXFileReference; lastKnownFileType = sourcecode.swift; path = EncourageSD.swift; sourceTree = "<group>"; };
		243674F92BF3970100640E5E /* EncourageCalcView.swift */ = {isa = PBXFileReference; lastKnownFileType = sourcecode.swift; path = EncourageCalcView.swift; sourceTree = "<group>"; };
		243674FB2BF398C000640E5E /* EncourageTabView.swift */ = {isa = PBXFileReference; lastKnownFileType = sourcecode.swift; path = EncourageTabView.swift; sourceTree = "<group>"; };
		243674FD2BF3D81200640E5E /* EncourageInfoView.swift */ = {isa = PBXFileReference; lastKnownFileType = sourcecode.swift; path = EncourageInfoView.swift; sourceTree = "<group>"; };
		243674FF2BF51CA900640E5E /* CandidateSD.swift */ = {isa = PBXFileReference; lastKnownFileType = sourcecode.swift; path = CandidateSD.swift; sourceTree = "<group>"; };
		243675012BF54D0700640E5E /* MainLineView.swift */ = {isa = PBXFileReference; lastKnownFileType = sourcecode.swift; path = MainLineView.swift; sourceTree = "<group>"; };
		279A7D062BEF245B00CB7BE6 /* DeviceRotation.swift */ = {isa = PBXFileReference; lastKnownFileType = sourcecode.swift; name = DeviceRotation.swift; path = "Resp Score/DeviceRotation.swift"; sourceTree = "<group>"; };
/* End PBXFileReference section */

/* Begin PBXFrameworksBuildPhase section */
		243674B92BD9426A00640E5E /* Frameworks */ = {
			isa = PBXFrameworksBuildPhase;
			buildActionMask = 2147483647;
			files = (
			);
			runOnlyForDeploymentPostprocessing = 0;
		};
/* End PBXFrameworksBuildPhase section */

/* Begin PBXGroup section */
		243674B32BD9426A00640E5E = {
			isa = PBXGroup;
			children = (
				243674BE2BD9426A00640E5E /* ECMO */,
				243674BD2BD9426A00640E5E /* Products */,
			);
			sourceTree = "<group>";
		};
		243674BD2BD9426A00640E5E /* Products */ = {
			isa = PBXGroup;
			children = (
				243674BC2BD9426A00640E5E /* ECMO.app */,
			);
			name = Products;
			sourceTree = "<group>";
		};
		243674BE2BD9426A00640E5E /* ECMO */ = {
			isa = PBXGroup;
			children = (
				243674FF2BF51CA900640E5E /* CandidateSD.swift */,
				243675012BF54D0700640E5E /* MainLineView.swift */,
				279A7D062BEF245B00CB7BE6 /* DeviceRotation.swift */,
				243674BF2BD9426A00640E5E /* ECMOApp.swift */,
				243674F62BF38E7100640E5E /* Encourage Score */,
				243674C12BD9426A00640E5E /* ContentView.swift */,
				243674E82BE812A600640E5E /* Save Score */,
				243674E92BE812FB00640E5E /* Resp Score */,
				243674D12BDA9D9600640E5E /* SelectionRow.swift */,
				243674DD2BE54EBA00640E5E /* ScoreStruct.swift */,
				243674DB2BE5489F00640E5E /* Protocols.swift */,
				243674D32BDAA53000640E5E /* ParametersSD.swift */,
				243674C52BD9426D00640E5E /* Assets.xcassets */,
				243674E22BE6782C00640E5E /* .swiftlint.yml */,
				243674C72BD9426D00640E5E /* Preview Content */,
			);
			path = ECMO;
			sourceTree = "<group>";
		};
		243674C72BD9426D00640E5E /* Preview Content */ = {
			isa = PBXGroup;
			children = (
				243674C82BD9426D00640E5E /* Preview Assets.xcassets */,
			);
			path = "Preview Content";
			sourceTree = "<group>";
		};
		243674E82BE812A600640E5E /* Save Score */ = {
			isa = PBXGroup;
			children = (
				243674CF2BD9B44400640E5E /* CalculatorView.swift */,
				243674EA2BE8144B00640E5E /* SaveInfoView.swift */,
				243674EC2BE8145E00640E5E /* SaveTabView.swift */,
				243674C32BD9426A00640E5E /* SaveScoreSD.swift */,
			);
			path = "Save Score";
			sourceTree = "<group>";
		};
		243674E92BE812FB00640E5E /* Resp Score */ = {
			isa = PBXGroup;
			children = (
				243674D72BE517DF00640E5E /* RespCalcView.swift */,
				243674D52BE491C800640E5E /* RespScoreSD.swift */,
				243674EE2BE88AF700640E5E /* RespTabView.swift */,
				243674F02BE88B1300640E5E /* RespInfoView.swift */,
			);
			path = "Resp Score";
			sourceTree = "<group>";
		};
		243674F62BF38E7100640E5E /* Encourage Score */ = {
			isa = PBXGroup;
			children = (
				243674F72BF38F0500640E5E /* EncourageSD.swift */,
				243674F92BF3970100640E5E /* EncourageCalcView.swift */,
				243674FB2BF398C000640E5E /* EncourageTabView.swift */,
				243674FD2BF3D81200640E5E /* EncourageInfoView.swift */,
			);
			path = "Encourage Score";
			sourceTree = "<group>";
		};
/* End PBXGroup section */

/* Begin PBXNativeTarget section */
		243674BB2BD9426A00640E5E /* ECMO */ = {
			isa = PBXNativeTarget;
			buildConfigurationList = 243674CC2BD9426D00640E5E /* Build configuration list for PBXNativeTarget "ECMO" */;
			buildPhases = (
				243674B82BD9426A00640E5E /* Sources */,
				243674B92BD9426A00640E5E /* Frameworks */,
				243674BA2BD9426A00640E5E /* Resources */,
				243674DF2BE66FDF00640E5E /* ShellScript */,
			);
			buildRules = (
			);
			dependencies = (
			);
			name = ECMO;
			productName = ECMO;
			productReference = 243674BC2BD9426A00640E5E /* ECMO.app */;
			productType = "com.apple.product-type.application";
		};
/* End PBXNativeTarget section */

/* Begin PBXProject section */
		243674B42BD9426A00640E5E /* Project object */ = {
			isa = PBXProject;
			attributes = {
				BuildIndependentTargetsInParallel = 1;
				LastSwiftUpdateCheck = 1530;
				LastUpgradeCheck = 1530;
				TargetAttributes = {
					243674BB2BD9426A00640E5E = {
						CreatedOnToolsVersion = 15.3;
					};
				};
			};
			buildConfigurationList = 243674B72BD9426A00640E5E /* Build configuration list for PBXProject "ECMO" */;
			compatibilityVersion = "Xcode 14.0";
			developmentRegion = en;
			hasScannedForEncodings = 0;
			knownRegions = (
				en,
				Base,
			);
			mainGroup = 243674B32BD9426A00640E5E;
			productRefGroup = 243674BD2BD9426A00640E5E /* Products */;
			projectDirPath = "";
			projectRoot = "";
			targets = (
				243674BB2BD9426A00640E5E /* ECMO */,
			);
		};
/* End PBXProject section */

/* Begin PBXResourcesBuildPhase section */
		243674BA2BD9426A00640E5E /* Resources */ = {
			isa = PBXResourcesBuildPhase;
			buildActionMask = 2147483647;
			files = (
				243674E32BE6782C00640E5E /* .swiftlint.yml in Resources */,
				243674C92BD9426D00640E5E /* Preview Assets.xcassets in Resources */,
				243674C62BD9426D00640E5E /* Assets.xcassets in Resources */,
			);
			runOnlyForDeploymentPostprocessing = 0;
		};
/* End PBXResourcesBuildPhase section */

/* Begin PBXShellScriptBuildPhase section */
		243674DF2BE66FDF00640E5E /* ShellScript */ = {
			isa = PBXShellScriptBuildPhase;
			alwaysOutOfDate = 1;
			buildActionMask = 2147483647;
			files = (
			);
			inputFileListPaths = (
			);
			inputPaths = (
			);
			outputFileListPaths = (
			);
			outputPaths = (
			);
			runOnlyForDeploymentPostprocessing = 0;
			shellPath = /bin/sh;
			shellScript = "# Adds support for Apple Silicon brew directory\nexport PATH=\"$PATH:/opt/homebrew/bin\"\nif which swiftlint >/dev/null; then\n  swiftlint\nelse\necho \"warning: SwiftLint not installed, download from https://github.com/realm/SwiftLint\"\nfi\n";
		};
/* End PBXShellScriptBuildPhase section */

/* Begin PBXSourcesBuildPhase section */
		243674B82BD9426A00640E5E /* Sources */ = {
			isa = PBXSourcesBuildPhase;
			buildActionMask = 2147483647;
			files = (
				243674DC2BE5489F00640E5E /* Protocols.swift in Sources */,
				243674D22BDA9D9600640E5E /* SelectionRow.swift in Sources */,
				243674EB2BE8144B00640E5E /* SaveInfoView.swift in Sources */,
				243675022BF54D0700640E5E /* MainLineView.swift in Sources */,
				243674D02BD9B44400640E5E /* CalculatorView.swift in Sources */,
				243675002BF51CA900640E5E /* CandidateSD.swift in Sources */,
				243674D62BE491C800640E5E /* RespScoreSD.swift in Sources */,
				243674D42BDAA53000640E5E /* ParametersSD.swift in Sources */,
				243674DE2BE54EBA00640E5E /* ScoreStruct.swift in Sources */,
				279A7D072BEF245B00CB7BE6 /* DeviceRotation.swift in Sources */,
				243674EF2BE88AF700640E5E /* RespTabView.swift in Sources */,
				243674C22BD9426A00640E5E /* ContentView.swift in Sources */,
				243674D82BE517DF00640E5E /* RespCalcView.swift in Sources */,
				243674FE2BF3D81200640E5E /* EncourageInfoView.swift in Sources */,
				243674F12BE88B1300640E5E /* RespInfoView.swift in Sources */,
				243674FA2BF3970100640E5E /* EncourageCalcView.swift in Sources */,
				243674F82BF38F0500640E5E /* EncourageSD.swift in Sources */,
				243674FC2BF398C000640E5E /* EncourageTabView.swift in Sources */,
				243674ED2BE8145E00640E5E /* SaveTabView.swift in Sources */,
				243674C42BD9426A00640E5E /* SaveScoreSD.swift in Sources */,
				243674C02BD9426A00640E5E /* ECMOApp.swift in Sources */,
			);
			runOnlyForDeploymentPostprocessing = 0;
		};
/* End PBXSourcesBuildPhase section */

/* Begin XCBuildConfiguration section */
		243674CA2BD9426D00640E5E /* Debug */ = {
			isa = XCBuildConfiguration;
			buildSettings = {
				ALWAYS_SEARCH_USER_PATHS = NO;
				ASSETCATALOG_COMPILER_GENERATE_SWIFT_ASSET_SYMBOL_EXTENSIONS = YES;
				CLANG_ANALYZER_NONNULL = YES;
				CLANG_ANALYZER_NUMBER_OBJECT_CONVERSION = YES_AGGRESSIVE;
				CLANG_CXX_LANGUAGE_STANDARD = "gnu++20";
				CLANG_ENABLE_MODULES = YES;
				CLANG_ENABLE_OBJC_ARC = YES;
				CLANG_ENABLE_OBJC_WEAK = YES;
				CLANG_WARN_BLOCK_CAPTURE_AUTORELEASING = YES;
				CLANG_WARN_BOOL_CONVERSION = YES;
				CLANG_WARN_COMMA = YES;
				CLANG_WARN_CONSTANT_CONVERSION = YES;
				CLANG_WARN_DEPRECATED_OBJC_IMPLEMENTATIONS = YES;
				CLANG_WARN_DIRECT_OBJC_ISA_USAGE = YES_ERROR;
				CLANG_WARN_DOCUMENTATION_COMMENTS = YES;
				CLANG_WARN_EMPTY_BODY = YES;
				CLANG_WARN_ENUM_CONVERSION = YES;
				CLANG_WARN_INFINITE_RECURSION = YES;
				CLANG_WARN_INT_CONVERSION = YES;
				CLANG_WARN_NON_LITERAL_NULL_CONVERSION = YES;
				CLANG_WARN_OBJC_IMPLICIT_RETAIN_SELF = YES;
				CLANG_WARN_OBJC_LITERAL_CONVERSION = YES;
				CLANG_WARN_OBJC_ROOT_CLASS = YES_ERROR;
				CLANG_WARN_QUOTED_INCLUDE_IN_FRAMEWORK_HEADER = YES;
				CLANG_WARN_RANGE_LOOP_ANALYSIS = YES;
				CLANG_WARN_STRICT_PROTOTYPES = YES;
				CLANG_WARN_SUSPICIOUS_MOVE = YES;
				CLANG_WARN_UNGUARDED_AVAILABILITY = YES_AGGRESSIVE;
				CLANG_WARN_UNREACHABLE_CODE = YES;
				CLANG_WARN__DUPLICATE_METHOD_MATCH = YES;
				COPY_PHASE_STRIP = NO;
				DEBUG_INFORMATION_FORMAT = dwarf;
				ENABLE_STRICT_OBJC_MSGSEND = YES;
				ENABLE_TESTABILITY = YES;
				ENABLE_USER_SCRIPT_SANDBOXING = NO;
				GCC_C_LANGUAGE_STANDARD = gnu17;
				GCC_DYNAMIC_NO_PIC = NO;
				GCC_NO_COMMON_BLOCKS = YES;
				GCC_OPTIMIZATION_LEVEL = 0;
				GCC_PREPROCESSOR_DEFINITIONS = (
					"DEBUG=1",
					"$(inherited)",
				);
				GCC_WARN_64_TO_32_BIT_CONVERSION = YES;
				GCC_WARN_ABOUT_RETURN_TYPE = YES_ERROR;
				GCC_WARN_UNDECLARED_SELECTOR = YES;
				GCC_WARN_UNINITIALIZED_AUTOS = YES_AGGRESSIVE;
				GCC_WARN_UNUSED_FUNCTION = YES;
				GCC_WARN_UNUSED_VARIABLE = YES;
				IPHONEOS_DEPLOYMENT_TARGET = 17.4;
				LOCALIZATION_PREFERS_STRING_CATALOGS = YES;
				MTL_ENABLE_DEBUG_INFO = INCLUDE_SOURCE;
				MTL_FAST_MATH = YES;
				ONLY_ACTIVE_ARCH = YES;
				SDKROOT = iphoneos;
				SWIFT_ACTIVE_COMPILATION_CONDITIONS = "DEBUG $(inherited)";
				SWIFT_OPTIMIZATION_LEVEL = "-Onone";
			};
			name = Debug;
		};
		243674CB2BD9426D00640E5E /* Release */ = {
			isa = XCBuildConfiguration;
			buildSettings = {
				ALWAYS_SEARCH_USER_PATHS = NO;
				ASSETCATALOG_COMPILER_GENERATE_SWIFT_ASSET_SYMBOL_EXTENSIONS = YES;
				CLANG_ANALYZER_NONNULL = YES;
				CLANG_ANALYZER_NUMBER_OBJECT_CONVERSION = YES_AGGRESSIVE;
				CLANG_CXX_LANGUAGE_STANDARD = "gnu++20";
				CLANG_ENABLE_MODULES = YES;
				CLANG_ENABLE_OBJC_ARC = YES;
				CLANG_ENABLE_OBJC_WEAK = YES;
				CLANG_WARN_BLOCK_CAPTURE_AUTORELEASING = YES;
				CLANG_WARN_BOOL_CONVERSION = YES;
				CLANG_WARN_COMMA = YES;
				CLANG_WARN_CONSTANT_CONVERSION = YES;
				CLANG_WARN_DEPRECATED_OBJC_IMPLEMENTATIONS = YES;
				CLANG_WARN_DIRECT_OBJC_ISA_USAGE = YES_ERROR;
				CLANG_WARN_DOCUMENTATION_COMMENTS = YES;
				CLANG_WARN_EMPTY_BODY = YES;
				CLANG_WARN_ENUM_CONVERSION = YES;
				CLANG_WARN_INFINITE_RECURSION = YES;
				CLANG_WARN_INT_CONVERSION = YES;
				CLANG_WARN_NON_LITERAL_NULL_CONVERSION = YES;
				CLANG_WARN_OBJC_IMPLICIT_RETAIN_SELF = YES;
				CLANG_WARN_OBJC_LITERAL_CONVERSION = YES;
				CLANG_WARN_OBJC_ROOT_CLASS = YES_ERROR;
				CLANG_WARN_QUOTED_INCLUDE_IN_FRAMEWORK_HEADER = YES;
				CLANG_WARN_RANGE_LOOP_ANALYSIS = YES;
				CLANG_WARN_STRICT_PROTOTYPES = YES;
				CLANG_WARN_SUSPICIOUS_MOVE = YES;
				CLANG_WARN_UNGUARDED_AVAILABILITY = YES_AGGRESSIVE;
				CLANG_WARN_UNREACHABLE_CODE = YES;
				CLANG_WARN__DUPLICATE_METHOD_MATCH = YES;
				COPY_PHASE_STRIP = NO;
				DEBUG_INFORMATION_FORMAT = "dwarf-with-dsym";
				ENABLE_NS_ASSERTIONS = NO;
				ENABLE_STRICT_OBJC_MSGSEND = YES;
				ENABLE_USER_SCRIPT_SANDBOXING = NO;
				GCC_C_LANGUAGE_STANDARD = gnu17;
				GCC_NO_COMMON_BLOCKS = YES;
				GCC_WARN_64_TO_32_BIT_CONVERSION = YES;
				GCC_WARN_ABOUT_RETURN_TYPE = YES_ERROR;
				GCC_WARN_UNDECLARED_SELECTOR = YES;
				GCC_WARN_UNINITIALIZED_AUTOS = YES_AGGRESSIVE;
				GCC_WARN_UNUSED_FUNCTION = YES;
				GCC_WARN_UNUSED_VARIABLE = YES;
				IPHONEOS_DEPLOYMENT_TARGET = 17.4;
				LOCALIZATION_PREFERS_STRING_CATALOGS = YES;
				MTL_ENABLE_DEBUG_INFO = NO;
				MTL_FAST_MATH = YES;
				SDKROOT = iphoneos;
				SWIFT_COMPILATION_MODE = wholemodule;
				VALIDATE_PRODUCT = YES;
			};
			name = Release;
		};
		243674CD2BD9426D00640E5E /* Debug */ = {
			isa = XCBuildConfiguration;
			buildSettings = {
				ASSETCATALOG_COMPILER_APPICON_NAME = AppIcon;
				ASSETCATALOG_COMPILER_GLOBAL_ACCENT_COLOR_NAME = AccentColor;
				CODE_SIGN_STYLE = Automatic;
				CURRENT_PROJECT_VERSION = 1;
				DEVELOPMENT_ASSET_PATHS = "\"ECMO/Preview Content\"";
				DEVELOPMENT_TEAM = BN8DZ86DD9;
				ENABLE_PREVIEWS = YES;
				GENERATE_INFOPLIST_FILE = YES;
				INFOPLIST_KEY_UIApplicationSceneManifest_Generation = YES;
				INFOPLIST_KEY_UIApplicationSupportsIndirectInputEvents = YES;
				INFOPLIST_KEY_UILaunchScreen_Generation = YES;
				INFOPLIST_KEY_UISupportedInterfaceOrientations_iPad = "UIInterfaceOrientationPortrait UIInterfaceOrientationPortraitUpsideDown UIInterfaceOrientationLandscapeLeft UIInterfaceOrientationLandscapeRight";
				INFOPLIST_KEY_UISupportedInterfaceOrientations_iPhone = "UIInterfaceOrientationPortrait UIInterfaceOrientationLandscapeLeft UIInterfaceOrientationLandscapeRight";
				LD_RUNPATH_SEARCH_PATHS = (
					"$(inherited)",
					"@executable_path/Frameworks",
				);
				MARKETING_VERSION = 1.0;
				PRODUCT_BUNDLE_IDENTIFIER = drslazar.com.ECMO;
				PRODUCT_NAME = "$(TARGET_NAME)";
				SWIFT_EMIT_LOC_STRINGS = YES;
				SWIFT_VERSION = 5.0;
				TARGETED_DEVICE_FAMILY = "1,2";
			};
			name = Debug;
		};
		243674CE2BD9426D00640E5E /* Release */ = {
			isa = XCBuildConfiguration;
			buildSettings = {
				ASSETCATALOG_COMPILER_APPICON_NAME = AppIcon;
				ASSETCATALOG_COMPILER_GLOBAL_ACCENT_COLOR_NAME = AccentColor;
				CODE_SIGN_STYLE = Automatic;
				CURRENT_PROJECT_VERSION = 1;
				DEVELOPMENT_ASSET_PATHS = "\"ECMO/Preview Content\"";
				DEVELOPMENT_TEAM = BN8DZ86DD9;
				ENABLE_PREVIEWS = YES;
				GENERATE_INFOPLIST_FILE = YES;
				INFOPLIST_KEY_UIApplicationSceneManifest_Generation = YES;
				INFOPLIST_KEY_UIApplicationSupportsIndirectInputEvents = YES;
				INFOPLIST_KEY_UILaunchScreen_Generation = YES;
				INFOPLIST_KEY_UISupportedInterfaceOrientations_iPad = "UIInterfaceOrientationPortrait UIInterfaceOrientationPortraitUpsideDown UIInterfaceOrientationLandscapeLeft UIInterfaceOrientationLandscapeRight";
				INFOPLIST_KEY_UISupportedInterfaceOrientations_iPhone = "UIInterfaceOrientationPortrait UIInterfaceOrientationLandscapeLeft UIInterfaceOrientationLandscapeRight";
				LD_RUNPATH_SEARCH_PATHS = (
					"$(inherited)",
					"@executable_path/Frameworks",
				);
				MARKETING_VERSION = 1.0;
				PRODUCT_BUNDLE_IDENTIFIER = drslazar.com.ECMO;
				PRODUCT_NAME = "$(TARGET_NAME)";
				SWIFT_EMIT_LOC_STRINGS = YES;
				SWIFT_VERSION = 5.0;
				TARGETED_DEVICE_FAMILY = "1,2";
			};
			name = Release;
		};
/* End XCBuildConfiguration section */

/* Begin XCConfigurationList section */
		243674B72BD9426A00640E5E /* Build configuration list for PBXProject "ECMO" */ = {
			isa = XCConfigurationList;
			buildConfigurations = (
				243674CA2BD9426D00640E5E /* Debug */,
				243674CB2BD9426D00640E5E /* Release */,
			);
			defaultConfigurationIsVisible = 0;
			defaultConfigurationName = Release;
		};
		243674CC2BD9426D00640E5E /* Build configuration list for PBXNativeTarget "ECMO" */ = {
			isa = XCConfigurationList;
			buildConfigurations = (
				243674CD2BD9426D00640E5E /* Debug */,
				243674CE2BD9426D00640E5E /* Release */,
			);
			defaultConfigurationIsVisible = 0;
			defaultConfigurationName = Release;
		};
/* End XCConfigurationList section */
	};
	rootObject = 243674B42BD9426A00640E5E /* Project object */;
}
